
Microsoft Visual Studio Solution File, Format Version 12.00
# Visual Studio 15
VisualStudioVersion = 15.0.27428.2043
MinimumVisualStudioVersion = 10.0.40219.1
Project("{FAE04EC0-301F-11D3-BF4B-00C04F79EFBC}") = "IO.Swagger", "src\IO.Swagger\IO.Swagger.csproj", "{42E74B98-049A-4DDF-9352-886385FCB48E}"
EndProject
Global
    GlobalSection(SolutionConfigurationPlatforms) = preSolution
        Debug|Any CPU = Debug|Any CPU
        Release|Any CPU = Release|Any CPU
    EndGlobalSection
    GlobalSection(ProjectConfigurationPlatforms) = postSolution
        {42E74B98-049A-4DDF-9352-886385FCB48E}.Debug|Any CPU.ActiveCfg = Debug|Any CPU
        {42E74B98-049A-4DDF-9352-886385FCB48E}.Debug|Any CPU.Build.0 = Debug|Any CPU
        {42E74B98-049A-4DDF-9352-886385FCB48E}.Release|Any CPU.ActiveCfg = Release|Any CPU
        {42E74B98-049A-4DDF-9352-886385FCB48E}.Release|Any CPU.Build.0 = Release|Any CPU
    EndGlobalSection
    GlobalSection(SolutionProperties) = preSolution
        HideSolutionNode = FALSE
    EndGlobalSection
EndGlobal
