{
  "name": "swagger-petstore",
  "version": "1.0.0",
  "lockfileVersion": 1,
  "requires": true,
  "dependencies": {
    "append-field": {
      "version": "1.0.0",
      "resolved": "https://registry.npmjs.org/append-field/-/append-field-1.0.0.tgz",
      "integrity": "sha1-HjRA6RXwsSA9I3SOeO3XubW0PlY="
    },
    "argparse": {
      "version": "1.0.10",
      "resolved": "https://registry.npmjs.org/argparse/-/argparse-1.0.10.tgz",
      "integrity": "sha512-o5Roy6tNG4SL/FOkCAN6RzjiakZS25RLYFrcMttJqbdd8BWrnA+fGz57iN5Pb06pvBGvl5gQ0B48dJlslXvoTg==",
      "requires": {
        "sprintf-js": "~1.0.2"
      }
    },
    "asynckit": {
      "version": "0.4.0",
      "resolved": "https://registry.npmjs.org/asynckit/-/asynckit-0.4.0.tgz",
      "integrity": "sha1-x57Zf380y48robyXkLzDZkdLS3k="
    },
    "buffer-from": {
      "version": "1.1.1",
      "resolved": "https://registry.npmjs.org/buffer-from/-/buffer-from-1.1.1.tgz",
      "integrity": "sha512-MQcXEUbCKtEo7bhqEs6560Hyd4XaovZlO/k9V3hjVUF/zwW7KBVdSK4gIt/bzwS9MbR5qob+F5jusZsb0YQK2A=="
    },
    "busboy": {
      "version": "0.2.14",
      "resolved": "https://registry.npmjs.org/busboy/-/busboy-0.2.14.tgz",
      "integrity": "sha1-bCpiLvz0fFe7vh4qnDetNseSVFM=",
      "requires": {
        "dicer": "0.2.5",
        "readable-stream": "1.1.x"
      }
    },
    "combined-stream": {
      "version": "1.0.8",
      "resolved": "https://registry.npmjs.org/combined-stream/-/combined-stream-1.0.8.tgz",
      "integrity": "sha512-FQN4MRfuJeHf7cBbBMJFXhKSDq+2kAArBlmRBvcvFE5BB1HZKXtSFASDhdlz9zOYwxh8lDdnvmMOe/+5cdoEdg==",
      "requires": {
        "delayed-stream": "~1.0.0"
      }
    },
    "commander": {
      "version": "2.20.3",
      "resolved": "https://registry.npmjs.org/commander/-/commander-2.20.3.tgz",
      "integrity": "sha512-GpVkmM8vF2vQUkj2LvZmD35JxeJOLCwJ9cUkugyk2nuhbv3+mJvpLYYt+0+USMxE+oj+ey/lJEnhZw75x/OMcQ=="
    },
    "component-emitter": {
      "version": "1.3.0",
      "resolved": "https://registry.npmjs.org/component-emitter/-/component-emitter-1.3.0.tgz",
      "integrity": "sha512-Rd3se6QB+sO1TwqZjscQrurpEPIfO0/yYnSin6Q/rD3mOutHvUrCAhJub3r90uNb+SESBuE0QYoB90YdfatsRg=="
    },
    "concat-stream": {
      "version": "1.6.2",
      "resolved": "https://registry.npmjs.org/concat-stream/-/concat-stream-1.6.2.tgz",
      "integrity": "sha512-27HBghJxjiZtIk3Ycvn/4kbJk/1uZuJFfuPEns6LaEvpvG1f0hTea8lilrouyo9mVc2GWdcEZ8OLoGmSADlrCw==",
      "requires": {
        "buffer-from": "^1.0.0",
        "inherits": "^2.0.3",
        "readable-stream": "^2.2.2",
        "typedarray": "^0.0.6"
      },
      "dependencies": {
        "isarray": {
          "version": "1.0.0",
          "resolved": "https://registry.npmjs.org/isarray/-/isarray-1.0.0.tgz",
          "integrity": "sha1-u5NdSFgsuhaMBoNJV6VKPgcSTxE="
        },
        "readable-stream": {
          "version": "2.3.7",
          "resolved": "https://registry.npmjs.org/readable-stream/-/readable-stream-2.3.7.tgz",
          "integrity": "sha512-Ebho8K4jIbHAxnuxi7o42OrZgF/ZTNcsZj6nRKyUmkhLFq8CHItp/fy6hQZuZmP/n3yZ9VBUbp4zz/mX8hmYPw==",
          "requires": {
            "core-util-is": "~1.0.0",
            "inherits": "~2.0.3",
            "isarray": "~1.0.0",
            "process-nextick-args": "~2.0.0",
            "safe-buffer": "~5.1.1",
            "string_decoder": "~1.1.1",
            "util-deprecate": "~1.0.1"
          }
        },
        "string_decoder": {
          "version": "1.1.1",
          "resolved": "https://registry.npmjs.org/string_decoder/-/string_decoder-1.1.1.tgz",
          "integrity": "sha512-n/ShnvDi6FHbbVfviro+WojiFzv+s8MPMHBczVePfUpDJLwoLT0ht1l4YwBCbi8pJAveEEdnkHyPyTP/mzRfwg==",
          "requires": {
            "safe-buffer": "~5.1.0"
          }
        }
      }
    },
    "connect": {
      "version": "3.7.0",
      "resolved": "https://registry.npmjs.org/connect/-/connect-3.7.0.tgz",
      "integrity": "sha512-ZqRXc+tZukToSNmh5C2iWMSoV3X1YUcPbqEM4DkEG5tNQXrQUZCNVGGv3IuicnkMtPfGf3Xtp8WCXs295iQ1pQ==",
      "requires": {
        "debug": "2.6.9",
        "finalhandler": "1.1.2",
        "parseurl": "~1.3.3",
        "utils-merge": "1.0.1"
      }
    },
    "content-type": {
      "version": "1.0.4",
      "resolved": "https://registry.npmjs.org/content-type/-/content-type-1.0.4.tgz",
      "integrity": "sha512-hIP3EEPs8tB9AT1L+NUqtwOAps4mk2Zob89MWXMHjHWg9milF/j4osnnQLXBCBFBk/tvIG/tUc9mOUJiPBhPXA=="
    },
    "cookiejar": {
      "version": "2.1.2",
      "resolved": "https://registry.npmjs.org/cookiejar/-/cookiejar-2.1.2.tgz",
      "integrity": "sha512-Mw+adcfzPxcPeI+0WlvRrr/3lGVO0bD75SxX6811cxSh1Wbxx7xZBGK1eVtDf6si8rg2lhnUjsVLMFMfbRIuwA=="
    },
    "core-js": {
      "version": "2.6.12",
      "resolved": "https://registry.npmjs.org/core-js/-/core-js-2.6.12.tgz",
      "integrity": "sha512-Kb2wC0fvsWfQrgk8HU5lW6U/Lcs8+9aaYcy4ZFc6DDlo4nZ7n70dEgE5rtR0oG6ufKDUnrwfWL1mXR5ljDatrQ=="
    },
    "core-util-is": {
      "version": "1.0.2",
      "resolved": "https://registry.npmjs.org/core-util-is/-/core-util-is-1.0.2.tgz",
      "integrity": "sha1-tf1UIgqivFq1eqtxQMlAdUUDwac="
    },
    "debug": {
      "version": "2.6.9",
      "resolved": "https://registry.npmjs.org/debug/-/debug-2.6.9.tgz",
      "integrity": "sha512-bC7ElrdJaJnPbAP+1EotYvqZsb3ecl5wi6Bfi6BJTUcNowp6cvspg0jXznRTKDjm/E7AdgFBVeAPVMNcKGsHMA==",
      "requires": {
        "ms": "2.0.0"
      }
    },
    "delayed-stream": {
      "version": "1.0.0",
      "resolved": "https://registry.npmjs.org/delayed-stream/-/delayed-stream-1.0.0.tgz",
      "integrity": "sha1-3zrhmayt+31ECqrgsp4icrJOxhk="
    },
    "depd": {
      "version": "1.1.2",
      "resolved": "https://registry.npmjs.org/depd/-/depd-1.1.2.tgz",
      "integrity": "sha1-m81S4UwJd2PnSbJ0xDRu0uVgtak="
    },
    "destroy": {
      "version": "1.0.4",
      "resolved": "https://registry.npmjs.org/destroy/-/destroy-1.0.4.tgz",
      "integrity": "sha1-l4hXRCxEdJ5CBmE+N5RiBYJqvYA="
    },
    "dicer": {
      "version": "0.2.5",
      "resolved": "https://registry.npmjs.org/dicer/-/dicer-0.2.5.tgz",
      "integrity": "sha1-WZbAhrszIYyBLAkL3cCc0S+stw8=",
      "requires": {
        "readable-stream": "1.1.x",
        "streamsearch": "0.1.2"
      }
    },
    "ee-first": {
      "version": "1.1.1",
      "resolved": "https://registry.npmjs.org/ee-first/-/ee-first-1.1.1.tgz",
      "integrity": "sha1-WQxhFWsK4vTwJVcyoViyZrxWsh0="
    },
    "encodeurl": {
      "version": "1.0.2",
      "resolved": "https://registry.npmjs.org/encodeurl/-/encodeurl-1.0.2.tgz",
      "integrity": "sha1-rT/0yG7C0CkyL1oCw6mmBslbP1k="
    },
    "escape-html": {
      "version": "1.0.3",
      "resolved": "https://registry.npmjs.org/escape-html/-/escape-html-1.0.3.tgz",
      "integrity": "sha1-Aljq5NPQwJdN4cFpGI7wBR0dGYg="
    },
    "esprima": {
      "version": "4.0.1",
      "resolved": "https://registry.npmjs.org/esprima/-/esprima-4.0.1.tgz",
      "integrity": "sha512-eGuFFw7Upda+g4p+QHvnW0RyTX/SVeJBDM/gCtMARO0cLuT2HcEKnTPvhjV6aGeqrCB/sbNop0Kszm0jsaWU4A=="
    },
    "etag": {
      "version": "1.8.1",
      "resolved": "https://registry.npmjs.org/etag/-/etag-1.8.1.tgz",
      "integrity": "sha1-Qa4u62XvpiJorr/qg6x9eSmbCIc="
    },
    "extend": {
      "version": "3.0.2",
      "resolved": "https://registry.npmjs.org/extend/-/extend-3.0.2.tgz",
      "integrity": "sha512-fjquC59cD7CyW6urNXK0FBufkZcoiGG80wTuPujX590cB5Ttln20E2UB4S/WARVqhXffZl2LNgS+gQdPIIim/g=="
    },
    "finalhandler": {
      "version": "1.1.2",
      "resolved": "https://registry.npmjs.org/finalhandler/-/finalhandler-1.1.2.tgz",
      "integrity": "sha512-aAWcW57uxVNrQZqFXjITpW3sIUQmHGG3qSb9mUah9MgMC4NeWhNOlNjXEYq3HjRAvL6arUviZGGJsBg6z0zsWA==",
      "requires": {
        "debug": "2.6.9",
        "encodeurl": "~1.0.2",
        "escape-html": "~1.0.3",
        "on-finished": "~2.3.0",
        "parseurl": "~1.3.3",
        "statuses": "~1.5.0",
        "unpipe": "~1.0.0"
      }
    },
    "form-data": {
      "version": "2.5.1",
      "resolved": "https://registry.npmjs.org/form-data/-/form-data-2.5.1.tgz",
      "integrity": "sha512-m21N3WOmEEURgk6B9GLOE4RuWOFf28Lhh9qGYeNlGq4VDXUlJy2th2slBNU8Gp8EzloYZOibZJ7t5ecIrFSjVA==",
      "requires": {
        "asynckit": "^0.4.0",
        "combined-stream": "^1.0.6",
        "mime-types": "^2.1.12"
      }
    },
    "formidable": {
      "version": "1.2.2",
      "resolved": "https://registry.npmjs.org/formidable/-/formidable-1.2.2.tgz",
      "integrity": "sha512-V8gLm+41I/8kguQ4/o1D3RIHRmhYFG4pnNyonvua+40rqcEmT4+V71yaZ3B457xbbgCsCfjSPi65u/W6vK1U5Q=="
    },
    "fresh": {
      "version": "0.5.2",
      "resolved": "https://registry.npmjs.org/fresh/-/fresh-0.5.2.tgz",
      "integrity": "sha1-PYyt2Q2XZWn6g1qx+OSyOhBWBac="
    },
    "graphlib": {
      "version": "2.1.8",
      "resolved": "https://registry.npmjs.org/graphlib/-/graphlib-2.1.8.tgz",
      "integrity": "sha512-jcLLfkpoVGmH7/InMC/1hIvOPSUh38oJtGhvrOFGzioE1DZ+0YW16RgmOJhHiuWTvGiJQ9Z1Ik43JvkRPRvE+A==",
      "requires": {
        "lodash": "^4.17.15"
      }
    },
    "http-errors": {
      "version": "1.7.2",
      "resolved": "https://registry.npmjs.org/http-errors/-/http-errors-1.7.2.tgz",
      "integrity": "sha512-uUQBt3H/cSIVfch6i1EuPNy/YsRSOUBXTVfZ+yR7Zjez3qjBz6i9+i4zjNaoqcoFVI4lQJ5plg63TvGfRSDCRg==",
      "requires": {
        "depd": "~1.1.2",
        "inherits": "2.0.3",
        "setprototypeof": "1.1.1",
        "statuses": ">= 1.5.0 < 2",
        "toidentifier": "1.0.0"
      }
    },
    "inherits": {
      "version": "2.0.3",
      "resolved": "https://registry.npmjs.org/inherits/-/inherits-2.0.3.tgz",
      "integrity": "sha1-Yzwsg+PaQqUC9SRmAiSA9CCCYd4="
    },
    "isarray": {
      "version": "0.0.1",
      "resolved": "https://registry.npmjs.org/isarray/-/isarray-0.0.1.tgz",
      "integrity": "sha1-ihis/Kmo9Bd+Cav8YDiTmwXR7t8="
    },
    "js-yaml": {
      "version": "3.14.1",
      "resolved": "https://registry.npmjs.org/js-yaml/-/js-yaml-3.14.1.tgz",
      "integrity": "sha512-okMH7OXXJ7YrN9Ok3/SXrnu4iX9yOk+25nqX4imS2npuvTYDmo/QEZoqwZkYaIDk3jVvBOTOIEgEhaLOynBS9g==",
      "requires": {
        "argparse": "^1.0.7",
        "esprima": "^4.0.0"
      }
    },
    "json-refs": {
      "version": "2.1.7",
      "resolved": "https://registry.npmjs.org/json-refs/-/json-refs-2.1.7.tgz",
      "integrity": "sha1-uesB/in16j6Sh48VrqEK04taz4k=",
      "requires": {
        "commander": "^2.9.0",
        "graphlib": "^2.1.1",
        "js-yaml": "^3.8.3",
        "native-promise-only": "^0.8.1",
        "path-loader": "^1.0.2",
        "slash": "^1.0.0",
        "uri-js": "^3.0.2"
      },
      "dependencies": {
        "uri-js": {
          "version": "3.0.2",
          "resolved": "https://registry.npmjs.org/uri-js/-/uri-js-3.0.2.tgz",
          "integrity": "sha1-+QuFhQf4HepNz7s8TD2/orVX+qo=",
          "requires": {
            "punycode": "^2.1.0"
          }
        }
      }
    },
    "lodash": {
      "version": "4.17.20",
      "resolved": "https://registry.npmjs.org/lodash/-/lodash-4.17.20.tgz",
      "integrity": "sha512-PlhdFcillOINfeV7Ni6oF1TAEayyZBoZ8bcshTHqOYJYlrqzRK5hagpagky5o4HfCzzd1TRkXPMFq6cKk9rGmA=="
    },
    "lodash-compat": {
      "version": "3.10.2",
      "resolved": "https://registry.npmjs.org/lodash-compat/-/lodash-compat-3.10.2.tgz",
      "integrity": "sha1-xpQBKKnTD46QLNLPmf0Muk7PwYM="
    },
    "lodash._arraypool": {
      "version": "2.4.1",
      "resolved": "https://registry.npmjs.org/lodash._arraypool/-/lodash._arraypool-2.4.1.tgz",
      "integrity": "sha1-6I7suS4ruEyQZWEv2VigcZzUf5Q="
    },
    "lodash._basebind": {
      "version": "2.4.1",
      "resolved": "https://registry.npmjs.org/lodash._basebind/-/lodash._basebind-2.4.1.tgz",
      "integrity": "sha1-6UC5690nwyfgqNqxtVkWxTQelXU=",
      "requires": {
        "lodash._basecreate": "~2.4.1",
        "lodash._setbinddata": "~2.4.1",
        "lodash._slice": "~2.4.1",
        "lodash.isobject": "~2.4.1"
      }
    },
    "lodash._baseclone": {
      "version": "2.4.1",
      "resolved": "https://registry.npmjs.org/lodash._baseclone/-/lodash._baseclone-2.4.1.tgz",
      "integrity": "sha1-MPgj5X4X43NdODvWK2Czh1Q7QYY=",
      "requires": {
        "lodash._getarray": "~2.4.1",
        "lodash._releasearray": "~2.4.1",
        "lodash._slice": "~2.4.1",
        "lodash.assign": "~2.4.1",
        "lodash.foreach": "~2.4.1",
        "lodash.forown": "~2.4.1",
        "lodash.isarray": "~2.4.1",
        "lodash.isobject": "~2.4.1"
      }
    },
    "lodash._basecreate": {
      "version": "2.4.1",
      "resolved": "https://registry.npmjs.org/lodash._basecreate/-/lodash._basecreate-2.4.1.tgz",
      "integrity": "sha1-+Ob1tXip405UEXm1a47uv0oofgg=",
      "requires": {
        "lodash._isnative": "~2.4.1",
        "lodash.isobject": "~2.4.1",
        "lodash.noop": "~2.4.1"
      }
    },
    "lodash._basecreatecallback": {
      "version": "2.4.1",
      "resolved": "https://registry.npmjs.org/lodash._basecreatecallback/-/lodash._basecreatecallback-2.4.1.tgz",
      "integrity": "sha1-fQsmdknLKeehOdAQO3wR+uhOSFE=",
      "requires": {
        "lodash._setbinddata": "~2.4.1",
        "lodash.bind": "~2.4.1",
        "lodash.identity": "~2.4.1",
        "lodash.support": "~2.4.1"
      }
    },
    "lodash._basecreatewrapper": {
      "version": "2.4.1",
      "resolved": "https://registry.npmjs.org/lodash._basecreatewrapper/-/lodash._basecreatewrapper-2.4.1.tgz",
      "integrity": "sha1-TTHy595+E0+/KAN2K4FQsyUZZm8=",
      "requires": {
        "lodash._basecreate": "~2.4.1",
        "lodash._setbinddata": "~2.4.1",
        "lodash._slice": "~2.4.1",
        "lodash.isobject": "~2.4.1"
      }
    },
    "lodash._createwrapper": {
      "version": "2.4.1",
      "resolved": "https://registry.npmjs.org/lodash._createwrapper/-/lodash._createwrapper-2.4.1.tgz",
      "integrity": "sha1-UdaVeXPaTtVW43KQ2MGhjFPeFgc=",
      "requires": {
        "lodash._basebind": "~2.4.1",
        "lodash._basecreatewrapper": "~2.4.1",
        "lodash._slice": "~2.4.1",
        "lodash.isfunction": "~2.4.1"
      }
    },
    "lodash._getarray": {
      "version": "2.4.1",
      "resolved": "https://registry.npmjs.org/lodash._getarray/-/lodash._getarray-2.4.1.tgz",
      "integrity": "sha1-+vH3+BD6mFolHCGHQESBCUg55e4=",
      "requires": {
        "lodash._arraypool": "~2.4.1"
      }
    },
    "lodash._isnative": {
      "version": "2.4.1",
      "resolved": "https://registry.npmjs.org/lodash._isnative/-/lodash._isnative-2.4.1.tgz",
      "integrity": "sha1-PqZAS3hKe+g2x7V1gOHN95sUgyw="
    },
    "lodash._maxpoolsize": {
      "version": "2.4.1",
      "resolved": "https://registry.npmjs.org/lodash._maxpoolsize/-/lodash._maxpoolsize-2.4.1.tgz",
      "integrity": "sha1-nUgvRjuOZq++WcLBTtsRcGAXIzQ="
    },
    "lodash._objecttypes": {
      "version": "2.4.1",
      "resolved": "https://registry.npmjs.org/lodash._objecttypes/-/lodash._objecttypes-2.4.1.tgz",
      "integrity": "sha1-fAt/admKH3ZSn4kLDNsbTf7BHBE="
    },
    "lodash._releasearray": {
      "version": "2.4.1",
      "resolved": "https://registry.npmjs.org/lodash._releasearray/-/lodash._releasearray-2.4.1.tgz",
      "integrity": "sha1-phOWMNdtFTawfdyAliiJsIL2pkE=",
      "requires": {
        "lodash._arraypool": "~2.4.1",
        "lodash._maxpoolsize": "~2.4.1"
      }
    },
    "lodash._setbinddata": {
      "version": "2.4.1",
      "resolved": "https://registry.npmjs.org/lodash._setbinddata/-/lodash._setbinddata-2.4.1.tgz",
      "integrity": "sha1-98IAzRuS7yNrOZ7s9zxkjReqlNI=",
      "requires": {
        "lodash._isnative": "~2.4.1",
        "lodash.noop": "~2.4.1"
      }
    },
    "lodash._shimkeys": {
      "version": "2.4.1",
      "resolved": "https://registry.npmjs.org/lodash._shimkeys/-/lodash._shimkeys-2.4.1.tgz",
      "integrity": "sha1-bpzJZm/wgfC1psl4uD4kLmlJ0gM=",
      "requires": {
        "lodash._objecttypes": "~2.4.1"
      }
    },
    "lodash._slice": {
      "version": "2.4.1",
      "resolved": "https://registry.npmjs.org/lodash._slice/-/lodash._slice-2.4.1.tgz",
      "integrity": "sha1-dFz0GlNZexj2iImFREBe+isG2Q8="
    },
    "lodash.assign": {
      "version": "2.4.1",
      "resolved": "https://registry.npmjs.org/lodash.assign/-/lodash.assign-2.4.1.tgz",
      "integrity": "sha1-hMOVlt1xGBqXsGUpE6fJZ15Jsao=",
      "requires": {
        "lodash._basecreatecallback": "~2.4.1",
        "lodash._objecttypes": "~2.4.1",
        "lodash.keys": "~2.4.1"
      }
    },
    "lodash.bind": {
      "version": "2.4.1",
      "resolved": "https://registry.npmjs.org/lodash.bind/-/lodash.bind-2.4.1.tgz",
      "integrity": "sha1-XRn6AFyMTSNvr0dCx7eh/Kvikmc=",
      "requires": {
        "lodash._createwrapper": "~2.4.1",
        "lodash._slice": "~2.4.1"
      }
    },
    "lodash.foreach": {
      "version": "2.4.1",
      "resolved": "https://registry.npmjs.org/lodash.foreach/-/lodash.foreach-2.4.1.tgz",
      "integrity": "sha1-/j/Do0yGyUyrb5UiVgKCdB4BYwk=",
      "requires": {
        "lodash._basecreatecallback": "~2.4.1",
        "lodash.forown": "~2.4.1"
      }
    },
    "lodash.forown": {
      "version": "2.4.1",
      "resolved": "https://registry.npmjs.org/lodash.forown/-/lodash.forown-2.4.1.tgz",
      "integrity": "sha1-eLQer+FAX6lmRZ6kGT/VAtCEUks=",
      "requires": {
        "lodash._basecreatecallback": "~2.4.1",
        "lodash._objecttypes": "~2.4.1",
        "lodash.keys": "~2.4.1"
      }
    },
    "lodash.get": {
      "version": "4.4.2",
      "resolved": "https://registry.npmjs.org/lodash.get/-/lodash.get-4.4.2.tgz",
      "integrity": "sha1-LRd/ZS+jHpObRDjVNBSZ36OCXpk="
    },
    "lodash.identity": {
      "version": "2.4.1",
      "resolved": "https://registry.npmjs.org/lodash.identity/-/lodash.identity-2.4.1.tgz",
      "integrity": "sha1-ZpTP+mX++TH3wxzobHRZfPVg9PE="
    },
    "lodash.isarray": {
      "version": "2.4.1",
      "resolved": "https://registry.npmjs.org/lodash.isarray/-/lodash.isarray-2.4.1.tgz",
      "integrity": "sha1-tSoybB9i9tfac6MdVAHfbvRPD6E=",
      "requires": {
        "lodash._isnative": "~2.4.1"
      }
    },
    "lodash.isequal": {
      "version": "4.5.0",
      "resolved": "https://registry.npmjs.org/lodash.isequal/-/lodash.isequal-4.5.0.tgz",
      "integrity": "sha1-QVxEePK8wwEgwizhDtMib30+GOA="
    },
    "lodash.isfunction": {
      "version": "2.4.1",
      "resolved": "https://registry.npmjs.org/lodash.isfunction/-/lodash.isfunction-2.4.1.tgz",
      "integrity": "sha1-LP1XXHPkmKtX4xm3f6Aq3vE6lNE="
    },
    "lodash.isobject": {
      "version": "2.4.1",
      "resolved": "https://registry.npmjs.org/lodash.isobject/-/lodash.isobject-2.4.1.tgz",
      "integrity": "sha1-Wi5H/mmVPx7mMafrof5k0tBlWPU=",
      "requires": {
        "lodash._objecttypes": "~2.4.1"
      }
    },
    "lodash.keys": {
      "version": "2.4.1",
      "resolved": "https://registry.npmjs.org/lodash.keys/-/lodash.keys-2.4.1.tgz",
      "integrity": "sha1-SN6kbfj/djKxDXBrissmWR4rNyc=",
      "requires": {
        "lodash._isnative": "~2.4.1",
        "lodash._shimkeys": "~2.4.1",
        "lodash.isobject": "~2.4.1"
      }
    },
    "lodash.noop": {
      "version": "2.4.1",
      "resolved": "https://registry.npmjs.org/lodash.noop/-/lodash.noop-2.4.1.tgz",
      "integrity": "sha1-T7VPgWZS5a4Q6PcvcXo4jHMmU4o="
    },
    "lodash.support": {
      "version": "2.4.1",
      "resolved": "https://registry.npmjs.org/lodash.support/-/lodash.support-2.4.1.tgz",
      "integrity": "sha1-Mg4LZwMWc8KNeiu12eAzGkUkBRU=",
      "requires": {
        "lodash._isnative": "~2.4.1"
      }
    },
    "media-typer": {
      "version": "0.3.0",
      "resolved": "https://registry.npmjs.org/media-typer/-/media-typer-0.3.0.tgz",
      "integrity": "sha1-hxDXrwqmJvj/+hzgAWhUUmMlV0g="
    },
    "methods": {
      "version": "1.1.2",
      "resolved": "https://registry.npmjs.org/methods/-/methods-1.1.2.tgz",
      "integrity": "sha1-VSmk1nZUE07cxSZmVoNbD4Ua/O4="
    },
    "mime": {
      "version": "1.6.0",
      "resolved": "https://registry.npmjs.org/mime/-/mime-1.6.0.tgz",
      "integrity": "sha512-x0Vn8spI+wuJ1O6S7gnbaQg8Pxh4NNHb7KSINmEWKiPE4RKOplvijn+NkmYmmRgP68mc70j2EbeTFRsrswaQeg=="
    },
    "mime-db": {
      "version": "1.45.0",
      "resolved": "https://registry.npmjs.org/mime-db/-/mime-db-1.45.0.tgz",
      "integrity": "sha512-CkqLUxUk15hofLoLyljJSrukZi8mAtgd+yE5uO4tqRZsdsAJKv0O+rFMhVDRJgozy+yG6md5KwuXhD4ocIoP+w=="
    },
    "mime-types": {
      "version": "2.1.28",
      "resolved": "https://registry.npmjs.org/mime-types/-/mime-types-2.1.28.tgz",
      "integrity": "sha512-0TO2yJ5YHYr7M2zzT7gDU1tbwHxEUWBCLt0lscSNpcdAfFyJOVEpRYNS7EXVcTLNj/25QO8gulHC5JtTzSE2UQ==",
      "requires": {
        "mime-db": "1.45.0"
      }
    },
    "minimist": {
      "version": "1.2.5",
      "resolved": "https://registry.npmjs.org/minimist/-/minimist-1.2.5.tgz",
      "integrity": "sha512-FM9nNUYrRBAELZQT3xeZQ7fmMOBg6nWNmJKTcgsJeaLstP/UODVpGsr5OhXhhXg6f+qtJ8uiZ+PUxkDWcgIXLw=="
    },
    "mkdirp": {
      "version": "0.5.5",
      "resolved": "https://registry.npmjs.org/mkdirp/-/mkdirp-0.5.5.tgz",
      "integrity": "sha512-NKmAlESf6jMGym1++R0Ra7wvhV+wFW63FaSOFPwRahvea0gMUcGUhVeAg/0BC0wiv9ih5NYPB1Wn1UEI1/L+xQ==",
      "requires": {
        "minimist": "^1.2.5"
      }
    },
    "ms": {
      "version": "2.0.0",
      "resolved": "https://registry.npmjs.org/ms/-/ms-2.0.0.tgz",
      "integrity": "sha1-VgiurfwAvmwpAd9fmGF4jeDVl8g="
    },
    "multer": {
      "version": "1.4.2",
      "resolved": "https://registry.npmjs.org/multer/-/multer-1.4.2.tgz",
      "integrity": "sha512-xY8pX7V+ybyUpbYMxtjM9KAiD9ixtg5/JkeKUTD6xilfDv0vzzOFcCp4Ljb1UU3tSOM3VTZtKo63OmzOrGi3Cg==",
      "requires": {
        "append-field": "^1.0.0",
        "busboy": "^0.2.11",
        "concat-stream": "^1.5.2",
        "mkdirp": "^0.5.1",
        "object-assign": "^4.1.1",
        "on-finished": "^2.3.0",
        "type-is": "^1.6.4",
        "xtend": "^4.0.0"
      }
    },
    "native-promise-only": {
      "version": "0.8.1",
      "resolved": "https://registry.npmjs.org/native-promise-only/-/native-promise-only-0.8.1.tgz",
      "integrity": "sha1-IKMYwwy0X3H+et+/eyHJnBRy7xE="
    },
    "object-assign": {
      "version": "4.1.1",
      "resolved": "https://registry.npmjs.org/object-assign/-/object-assign-4.1.1.tgz",
      "integrity": "sha1-IQmtx5ZYh8/AXLvUQsrIv7s2CGM="
    },
    "on-finished": {
      "version": "2.3.0",
      "resolved": "https://registry.npmjs.org/on-finished/-/on-finished-2.3.0.tgz",
      "integrity": "sha1-IPEzZIGwg811M3mSoWlxqi2QaUc=",
      "requires": {
        "ee-first": "1.1.1"
      }
    },
    "parseurl": {
      "version": "1.3.3",
      "resolved": "https://registry.npmjs.org/parseurl/-/parseurl-1.3.3.tgz",
      "integrity": "sha512-CiyeOxFT/JZyN5m0z9PfXw4SCBJ6Sygz1Dpl0wqjlhDEGGBP1GnsUVEL0p63hoG1fcj3fHynXi9NYO4nWOL+qQ=="
    },
    "path-loader": {
      "version": "1.0.10",
      "resolved": "https://registry.npmjs.org/path-loader/-/path-loader-1.0.10.tgz",
      "integrity": "sha512-CMP0v6S6z8PHeJ6NFVyVJm6WyJjIwFvyz2b0n2/4bKdS/0uZa/9sKUlYZzubrn3zuDRU0zIuEDX9DZYQ2ZI8TA==",
      "requires": {
        "native-promise-only": "^0.8.1",
        "superagent": "^3.8.3"
      },
      "dependencies": {
        "debug": {
          "version": "3.2.7",
          "resolved": "https://registry.npmjs.org/debug/-/debug-3.2.7.tgz",
          "integrity": "sha512-CFjzYYAi4ThfiQvizrFQevTTXHtnCqWfe7x1AhgEscTz6ZbLbfoLRLPugTQyBth6f8ZERVUSyWHFD/7Wu4t1XQ==",
          "requires": {
            "ms": "^2.1.1"
          }
        },
        "isarray": {
          "version": "1.0.0",
          "resolved": "https://registry.npmjs.org/isarray/-/isarray-1.0.0.tgz",
          "integrity": "sha1-u5NdSFgsuhaMBoNJV6VKPgcSTxE="
        },
        "ms": {
          "version": "2.1.3",
          "resolved": "https://registry.npmjs.org/ms/-/ms-2.1.3.tgz",
          "integrity": "sha512-6FlzubTLZG3J2a/NVCAleEhjzq5oxgHyaCU9yYXvcLsvoVaHJq/s5xXI6/XXP6tz7R9xAOtHnSO/tXtF3WRTlA=="
        },
        "readable-stream": {
          "version": "2.3.7",
          "resolved": "https://registry.npmjs.org/readable-stream/-/readable-stream-2.3.7.tgz",
          "integrity": "sha512-Ebho8K4jIbHAxnuxi7o42OrZgF/ZTNcsZj6nRKyUmkhLFq8CHItp/fy6hQZuZmP/n3yZ9VBUbp4zz/mX8hmYPw==",
          "requires": {
            "core-util-is": "~1.0.0",
            "inherits": "~2.0.3",
            "isarray": "~1.0.0",
            "process-nextick-args": "~2.0.0",
            "safe-buffer": "~5.1.1",
            "string_decoder": "~1.1.1",
            "util-deprecate": "~1.0.1"
          }
        },
        "string_decoder": {
          "version": "1.1.1",
          "resolved": "https://registry.npmjs.org/string_decoder/-/string_decoder-1.1.1.tgz",
          "integrity": "sha512-n/ShnvDi6FHbbVfviro+WojiFzv+s8MPMHBczVePfUpDJLwoLT0ht1l4YwBCbi8pJAveEEdnkHyPyTP/mzRfwg==",
          "requires": {
            "safe-buffer": "~5.1.0"
          }
        },
        "superagent": {
          "version": "3.8.3",
          "resolved": "https://registry.npmjs.org/superagent/-/superagent-3.8.3.tgz",
          "integrity": "sha512-GLQtLMCoEIK4eDv6OGtkOoSMt3D+oq0y3dsxMuYuDvaNUvuT8eFBuLmfR0iYYzHC1e8hpzC6ZsxbuP6DIalMFA==",
          "requires": {
            "component-emitter": "^1.2.0",
            "cookiejar": "^2.1.0",
            "debug": "^3.1.0",
            "extend": "^3.0.0",
            "form-data": "^2.3.1",
            "formidable": "^1.2.0",
            "methods": "^1.1.1",
            "mime": "^1.4.1",
            "qs": "^6.5.1",
            "readable-stream": "^2.3.5"
          }
        }
      }
    },
    "process-nextick-args": {
      "version": "2.0.1",
      "resolved": "https://registry.npmjs.org/process-nextick-args/-/process-nextick-args-2.0.1.tgz",
      "integrity": "sha512-3ouUOpQhtgrbOa17J7+uxOTpITYWaGP7/AhoR3+A+/1e9skrzelGi/dXzEYyvbxubEF6Wn2ypscTKiKJFFn1ag=="
    },
    "punycode": {
      "version": "2.1.1",
      "resolved": "https://registry.npmjs.org/punycode/-/punycode-2.1.1.tgz",
      "integrity": "sha512-XRsRjdf+j5ml+y/6GKHPZbrF/8p2Yga0JPtdqTIY2Xe5ohJPD9saDJJLPvp9+NSBprVvevdXZybnj2cv8OEd0A=="
    },
    "qs": {
      "version": "6.9.6",
      "resolved": "https://registry.npmjs.org/qs/-/qs-6.9.6.tgz",
      "integrity": "sha512-TIRk4aqYLNoJUbd+g2lEdz5kLWIuTMRagAXxl78Q0RiVjAOugHmeKNGdd3cwo/ktpf9aL9epCfFqWDEKysUlLQ=="
    },
    "range-parser": {
      "version": "1.2.1",
      "resolved": "https://registry.npmjs.org/range-parser/-/range-parser-1.2.1.tgz",
      "integrity": "sha512-Hrgsx+orqoygnmhFbKaHE6c296J+HTAQXoxEF6gNupROmmGJRoyzfG3ccAveqCBrwr/2yxQ5BVd/GTl5agOwSg=="
    },
    "readable-stream": {
      "version": "1.1.14",
      "resolved": "https://registry.npmjs.org/readable-stream/-/readable-stream-1.1.14.tgz",
      "integrity": "sha1-fPTFTvZI44EwhMY23SB54WbAgdk=",
      "requires": {
        "core-util-is": "~1.0.0",
        "inherits": "~2.0.1",
        "isarray": "0.0.1",
        "string_decoder": "~0.10.x"
      }
    },
    "reduce-component": {
      "version": "1.0.1",
      "resolved": "https://registry.npmjs.org/reduce-component/-/reduce-component-1.0.1.tgz",
      "integrity": "sha1-4Mk1QsV0UhvqE98PlIjtgqt3xdo="
    },
    "safe-buffer": {
      "version": "5.1.2",
      "resolved": "https://registry.npmjs.org/safe-buffer/-/safe-buffer-5.1.2.tgz",
      "integrity": "sha512-Gd2UZBJDkXlY7GbJxfsE8/nvKkUEU1G38c1siN6QP6a9PT9MmHB8GnpscSmMJSoF8LOIrt8ud/wPtojys4G6+g=="
    },
    "send": {
      "version": "0.17.1",
      "resolved": "https://registry.npmjs.org/send/-/send-0.17.1.tgz",
      "integrity": "sha512-BsVKsiGcQMFwT8UxypobUKyv7irCNRHk1T0G680vk88yf6LBByGcZJOTJCrTP2xVN6yI+XjPJcNuE3V4fT9sAg==",
      "requires": {
        "debug": "2.6.9",
        "depd": "~1.1.2",
        "destroy": "~1.0.4",
        "encodeurl": "~1.0.2",
        "escape-html": "~1.0.3",
        "etag": "~1.8.1",
        "fresh": "0.5.2",
        "http-errors": "~1.7.2",
        "mime": "1.6.0",
        "ms": "2.1.1",
        "on-finished": "~2.3.0",
        "range-parser": "~1.2.1",
        "statuses": "~1.5.0"
      },
      "dependencies": {
        "ms": {
          "version": "2.1.1",
          "resolved": "https://registry.npmjs.org/ms/-/ms-2.1.1.tgz",
          "integrity": "sha512-tgp+dl5cGk28utYktBsrFqA7HKgrhgPsg6Z/EfhWI4gl1Hwq8B/GmY/0oXZ6nF8hDVesS/FpnYaD/kOWhYQvyg=="
        }
      }
    },
    "serve-static": {
      "version": "1.14.1",
      "resolved": "https://registry.npmjs.org/serve-static/-/serve-static-1.14.1.tgz",
      "integrity": "sha512-JMrvUwE54emCYWlTI+hGrGv5I8dEwmco/00EvkzIIsR7MqrHonbD9pO2MOfFnpFntl7ecpZs+3mW+XbQZu9QCg==",
      "requires": {
        "encodeurl": "~1.0.2",
        "escape-html": "~1.0.3",
        "parseurl": "~1.3.3",
        "send": "0.17.1"
      }
    },
    "setprototypeof": {
      "version": "1.1.1",
      "resolved": "https://registry.npmjs.org/setprototypeof/-/setprototypeof-1.1.1.tgz",
      "integrity": "sha512-JvdAWfbXeIGaZ9cILp38HntZSFSo3mWg6xGcJJsd+d4aRMOqauag1C63dJfDw7OaMYwEbHMOxEZ1lqVRYP2OAw=="
    },
    "slash": {
      "version": "1.0.0",
      "resolved": "https://registry.npmjs.org/slash/-/slash-1.0.0.tgz",
      "integrity": "sha1-xB8vbDn8FtHNF61LXYlhFK5HDVU="
    },
    "spark-md5": {
      "version": "1.0.1",
      "resolved": "https://registry.npmjs.org/spark-md5/-/spark-md5-1.0.1.tgz",
      "integrity": "sha1-xLmo1Bz3sIRUI6ghgk+N/6D1G3w="
    },
    "sprintf-js": {
      "version": "1.0.3",
      "resolved": "https://registry.npmjs.org/sprintf-js/-/sprintf-js-1.0.3.tgz",
      "integrity": "sha1-BOaSb2YolTVPPdAVIDYzuFcpfiw="
    },
    "statuses": {
      "version": "1.5.0",
      "resolved": "https://registry.npmjs.org/statuses/-/statuses-1.5.0.tgz",
      "integrity": "sha1-Fhx9rBd2Wf2YEfQ3cfqZOBR4Yow="
    },
    "streamsearch": {
      "version": "0.1.2",
      "resolved": "https://registry.npmjs.org/streamsearch/-/streamsearch-0.1.2.tgz",
      "integrity": "sha1-gIudDlb8Jz2Am6VzOOkpkZoanxo="
    },
    "string": {
      "version": "3.3.3",
      "resolved": "https://registry.npmjs.org/string/-/string-3.3.3.tgz",
      "integrity": "sha1-XqIRzZLSKOGEKUmQpsyXs2anfLA="
    },
    "string_decoder": {
      "version": "0.10.31",
      "resolved": "https://registry.npmjs.org/string_decoder/-/string_decoder-0.10.31.tgz",
      "integrity": "sha1-YuIDvEF2bGwoyfyEMB2rHFMQ+pQ="
    },
    "superagent": {
      "version": "1.8.5",
      "resolved": "https://registry.npmjs.org/superagent/-/superagent-1.8.5.tgz",
      "integrity": "sha1-HA3cOvMOgOuE68BcshItqP6UC1U=",
      "requires": {
        "component-emitter": "~1.2.0",
        "cookiejar": "2.0.6",
        "debug": "2",
        "extend": "3.0.0",
        "form-data": "1.0.0-rc3",
        "formidable": "~1.0.14",
        "methods": "~1.1.1",
        "mime": "1.3.4",
        "qs": "2.3.3",
        "readable-stream": "1.0.27-1",
        "reduce-component": "1.0.1"
      },
      "dependencies": {
        "async": {
          "version": "1.5.2",
          "resolved": "https://registry.npmjs.org/async/-/async-1.5.2.tgz",
          "integrity": "sha1-7GphrlZIDAw8skHJVhjiCJL5Zyo="
        },
        "component-emitter": {
          "version": "1.2.1",
          "resolved": "https://registry.npmjs.org/component-emitter/-/component-emitter-1.2.1.tgz",
          "integrity": "sha1-E3kY1teCg/ffemt8WmPhQOaUJeY="
        },
        "cookiejar": {
          "version": "2.0.6",
          "resolved": "https://registry.npmjs.org/cookiejar/-/cookiejar-2.0.6.tgz",
          "integrity": "sha1-Cr81atANHFohnYjURRgEbdAmrP4="
        },
        "extend": {
          "version": "3.0.0",
          "resolved": "https://registry.npmjs.org/extend/-/extend-3.0.0.tgz",
          "integrity": "sha1-WkdDU7nzNT3dgXbf03uRyDpG8dQ="
        },
        "form-data": {
          "version": "1.0.0-rc3",
          "resolved": "https://registry.npmjs.org/form-data/-/form-data-1.0.0-rc3.tgz",
          "integrity": "sha1-01vGLn+8KTeuePlIqqDTjZBgdXc=",
          "requires": {
            "async": "^1.4.0",
            "combined-stream": "^1.0.5",
            "mime-types": "^2.1.3"
          }
        },
        "formidable": {
          "version": "1.0.16",
          "resolved": "https://registry.npmjs.org/formidable/-/formidable-1.0.16.tgz",
          "integrity": "sha1-SRbP38TL7QILJXpqlQWpqzjCzQ4="
        },
        "mime": {
          "version": "1.3.4",
          "resolved": "https://registry.npmjs.org/mime/-/mime-1.3.4.tgz",
          "integrity": "sha1-EV+eO2s9rylZmDyzjxSaLUDrXVM="
        },
        "qs": {
          "version": "2.3.3",
          "resolved": "https://registry.npmjs.org/qs/-/qs-2.3.3.tgz",
          "integrity": "sha1-6eha2+ddoLvkyOBHaghikPhjtAQ="
        },
        "readable-stream": {
          "version": "1.0.27-1",
          "resolved": "https://registry.npmjs.org/readable-stream/-/readable-stream-1.0.27-1.tgz",
          "integrity": "sha1-a2eYPCA1fO/QfwFlABoW1xDZEHg=",
          "requires": {
            "core-util-is": "~1.0.0",
            "inherits": "~2.0.1",
            "isarray": "0.0.1",
            "string_decoder": "~0.10.x"
          }
        }
      }
    },
    "swagger-converter": {
      "version": "0.1.7",
      "resolved": "https://registry.npmjs.org/swagger-converter/-/swagger-converter-0.1.7.tgz",
      "integrity": "sha1-oJdRnG8e5N1n4wjZtT3cnCslf5c=",
      "requires": {
        "lodash.clonedeep": "^2.4.1"
      },
      "dependencies": {
        "lodash.clonedeep": {
          "version": "2.4.1",
          "resolved": "https://registry.npmjs.org/lodash.clonedeep/-/lodash.clonedeep-2.4.1.tgz",
          "integrity": "sha1-8pIDtAsS/uCkXTYxZIJZvrq8eGg=",
          "requires": {
            "lodash._baseclone": "~2.4.1",
            "lodash._basecreatecallback": "~2.4.1"
          }
        }
      }
    },
    "swagger-tools": {
      "version": "0.10.1",
      "resolved": "https://registry.npmjs.org/swagger-tools/-/swagger-tools-0.10.1.tgz",
      "integrity": "sha1-pFWyV5mOzyDeW06Zvc8acJqw/tw=",
      "requires": {
        "async": "^1.3.0",
        "body-parser": "1.12.4",
        "commander": "^2.8.1",
        "debug": "^2.2.0",
        "js-yaml": "^3.3.1",
        "json-refs": "^2.1.5",
        "lodash-compat": "^3.10.0",
        "multer": "^1.1.0",
        "parseurl": "^1.3.0",
        "path-to-regexp": "^1.2.0",
        "qs": "^4.0.0",
        "serve-static": "^1.10.0",
        "spark-md5": "^1.0.0",
        "string": "^3.3.0",
        "superagent": "^1.2.0",
        "swagger-converter": "^0.1.7",
        "traverse": "^0.6.6",
        "z-schema": "^3.15.4"
      },
      "dependencies": {
        "async": {
          "version": "1.5.2",
          "resolved": "https://registry.npmjs.org/async/-/async-1.5.2.tgz",
          "integrity": "sha1-7GphrlZIDAw8skHJVhjiCJL5Zyo="
        },
        "body-parser": {
          "version": "1.12.4",
          "resolved": "https://registry.npmjs.org/body-parser/-/body-parser-1.12.4.tgz",
          "integrity": "sha1-CQcAxLoohiqFIO83g5X97l9hwik=",
          "requires": {
            "bytes": "1.0.0",
            "content-type": "~1.0.1",
            "debug": "~2.2.0",
            "depd": "~1.0.1",
            "iconv-lite": "0.4.8",
            "on-finished": "~2.2.1",
            "qs": "2.4.2",
            "raw-body": "~2.0.1",
            "type-is": "~1.6.2"
          },
          "dependencies": {
            "debug": {
              "version": "2.2.0",
              "resolved": "https://registry.npmjs.org/debug/-/debug-2.2.0.tgz",
              "integrity": "sha1-+HBX6ZWxofauaklgZkE3vFbwOdo=",
              "requires": {
                "ms": "0.7.1"
              }
            },
            "qs": {
              "version": "2.4.2",
              "resolved": "https://registry.npmjs.org/qs/-/qs-2.4.2.tgz",
              "integrity": "sha1-9854jld33wtQENp/fE5zujJHD1o="
            }
          }
        },
        "bytes": {
          "version": "1.0.0",
          "resolved": "https://registry.npmjs.org/bytes/-/bytes-1.0.0.tgz",
          "integrity": "sha1-NWnt6Lo0MV+rmcPpLLBMciDeH6g="
        },
        "depd": {
          "version": "1.0.1",
          "resolved": "https://registry.npmjs.org/depd/-/depd-1.0.1.tgz",
          "integrity": "sha1-gK7GTJ1tl+ZcwqnKqTwKpqv3Oqo="
        },
        "ee-first": {
          "version": "1.1.0",
          "resolved": "https://registry.npmjs.org/ee-first/-/ee-first-1.1.0.tgz",
          "integrity": "sha1-ag18YiHkkP7v2S7D9EHJzozQl/Q="
        },
        "iconv-lite": {
          "version": "0.4.8",
          "resolved": "https://registry.npmjs.org/iconv-lite/-/iconv-lite-0.4.8.tgz",
          "integrity": "sha1-xgGadZXyzvynAuq2lKAQvNkpjSA="
        },
        "ms": {
          "version": "0.7.1",
          "resolved": "https://registry.npmjs.org/ms/-/ms-0.7.1.tgz",
          "integrity": "sha1-nNE8A62/8ltl7/3nzoZO6VIBcJg="
        },
        "on-finished": {
          "version": "2.2.1",
          "resolved": "https://registry.npmjs.org/on-finished/-/on-finished-2.2.1.tgz",
          "integrity": "sha1-XIXBzDYpn3gCllP2Z/J7a5nrwCk=",
          "requires": {
            "ee-first": "1.1.0"
          }
        },
        "path-to-regexp": {
          "version": "1.8.0",
          "resolved": "https://registry.npmjs.org/path-to-regexp/-/path-to-regexp-1.8.0.tgz",
          "integrity": "sha512-n43JRhlUKUAlibEJhPeir1ncUID16QnEjNpwzNdO3Lm4ywrBpBZ5oLD0I6br9evr1Y9JTqwRtAh7JLoOzAQdVA==",
          "requires": {
            "isarray": "0.0.1"
          }
        },
        "qs": {
          "version": "4.0.0",
          "resolved": "https://registry.npmjs.org/qs/-/qs-4.0.0.tgz",
          "integrity": "sha1-wx2bdOwn33XlQ6hseHKO2NRiNgc="
        },
        "raw-body": {
          "version": "2.0.2",
          "resolved": "https://registry.npmjs.org/raw-body/-/raw-body-2.0.2.tgz",
          "integrity": "sha1-osL5jIUxzumcY9jSOLfel7tln8o=",
          "requires": {
            "bytes": "2.1.0",
            "iconv-lite": "0.4.8"
          },
          "dependencies": {
            "bytes": {
              "version": "2.1.0",
              "resolved": "https://registry.npmjs.org/bytes/-/bytes-2.1.0.tgz",
              "integrity": "sha1-rJPEEOL/ycx89LRks4KJBn9eR7Q="
            }
          }
        }
      }
    },
    "toidentifier": {
      "version": "1.0.0",
      "resolved": "https://registry.npmjs.org/toidentifier/-/toidentifier-1.0.0.tgz",
      "integrity": "sha512-yaOH/Pk/VEhBWWTlhI+qXxDFXlejDGcQipMlyxda9nthulaxLZUNcUqFxokp0vcYnvteJln5FNQDRrxj3YcbVw=="
    },
    "traverse": {
      "version": "0.6.6",
      "resolved": "https://registry.npmjs.org/traverse/-/traverse-0.6.6.tgz",
      "integrity": "sha1-y99WD9e5r2MlAv7UD5GMFX6pcTc="
    },
    "type-is": {
      "version": "1.6.18",
      "resolved": "https://registry.npmjs.org/type-is/-/type-is-1.6.18.tgz",
      "integrity": "sha512-TkRKr9sUTxEH8MdfuCSP7VizJyzRNMjj2J2do2Jr3Kym598JVdEksuzPQCnlFPW4ky9Q+iA+ma9BGm06XQBy8g==",
      "requires": {
        "media-typer": "0.3.0",
        "mime-types": "~2.1.24"
      }
    },
    "typedarray": {
      "version": "0.0.6",
      "resolved": "https://registry.npmjs.org/typedarray/-/typedarray-0.0.6.tgz",
      "integrity": "sha1-hnrHTjhkGHsdPUfZlqeOxciDB3c="
    },
    "unpipe": {
      "version": "1.0.0",
      "resolved": "https://registry.npmjs.org/unpipe/-/unpipe-1.0.0.tgz",
      "integrity": "sha1-sr9O6FFKrmFltIF4KdIbLvSZBOw="
    },
    "util-deprecate": {
      "version": "1.0.2",
      "resolved": "https://registry.npmjs.org/util-deprecate/-/util-deprecate-1.0.2.tgz",
      "integrity": "sha1-RQ1Nyfpw3nMnYvvS1KKJgUGaDM8="
    },
    "utils-merge": {
      "version": "1.0.1",
      "resolved": "https://registry.npmjs.org/utils-merge/-/utils-merge-1.0.1.tgz",
      "integrity": "sha1-n5VxD1CiZ5R7LMwSR0HBAoQn5xM="
    },
    "validator": {
      "version": "10.11.0",
      "resolved": "https://registry.npmjs.org/validator/-/validator-10.11.0.tgz",
      "integrity": "sha512-X/p3UZerAIsbBfN/IwahhYaBbY68EN/UQBWHtsbXGT5bfrH/p4NQzUCG1kF/rtKaNpnJ7jAu6NGTdSNtyNIXMw=="
    },
    "xtend": {
      "version": "4.0.2",
      "resolved": "https://registry.npmjs.org/xtend/-/xtend-4.0.2.tgz",
      "integrity": "sha512-LKYU1iAXJXUgAXn9URjiu+MWhyUXHsvfp7mcuYm9dSUKK0/CjtrUwFAxD82/mCWbtLsGjFIad0wIsod4zrTAEQ=="
    },
    "z-schema": {
      "version": "3.25.1",
      "resolved": "https://registry.npmjs.org/z-schema/-/z-schema-3.25.1.tgz",
      "integrity": "sha512-7tDlwhrBG+oYFdXNOjILSurpfQyuVgkRe3hB2q8TEssamDHB7BbLWYkYO98nTn0FibfdFroFKDjndbgufAgS/Q==",
      "requires": {
        "commander": "^2.7.1",
        "core-js": "^2.5.7",
        "lodash.get": "^4.0.0",
        "lodash.isequal": "^4.0.0",
        "validator": "^10.0.0"
      }
    }
  }
}
