
Microsoft Visual Studio Solution File, Format Version 12.00
# Visual Studio 15
VisualStudioVersion = 15.0.27428.2043
MinimumVisualStudioVersion = 10.0.40219.1
Project("{FAE04EC0-301F-11D3-BF4B-00C04F79EFBC}") = "IO.Swagger", "src\IO.Swagger\IO.Swagger.csproj", "{00FFFCCA-8BCB-400B-AB0B-33130D4617AB}"
EndProject
Global
    GlobalSection(SolutionConfigurationPlatforms) = preSolution
        Debug|Any CPU = Debug|Any CPU
        Release|Any CPU = Release|Any CPU
    EndGlobalSection
    GlobalSection(ProjectConfigurationPlatforms) = postSolution
        {00FFFCCA-8BCB-400B-AB0B-33130D4617AB}.Debug|Any CPU.ActiveCfg = Debug|Any CPU
        {00FFFCCA-8BCB-400B-AB0B-33130D4617AB}.Debug|Any CPU.Build.0 = Debug|Any CPU
        {00FFFCCA-8BCB-400B-AB0B-33130D4617AB}.Release|Any CPU.ActiveCfg = Release|Any CPU
        {00FFFCCA-8BCB-400B-AB0B-33130D4617AB}.Release|Any CPU.Build.0 = Release|Any CPU
    EndGlobalSection
    GlobalSection(SolutionProperties) = preSolution
        HideSolutionNode = FALSE
    EndGlobalSection
EndGlobal
